
Microsoft Visual Studio Solution File, Format Version 12.00
# Visual Studio Version 17
VisualStudioVersion = 17.6.33829.357
MinimumVisualStudioVersion = 10.0.40219.1
Project("{9A19103F-16F7-4668-BE54-9A1E7A4F7556}") = "NetChallenge", "NetChallenge.csproj", "{23DC7E84-BF97-43C7-8480-481E8A55B479}"
EndProject
Global
	GlobalSection(SolutionConfigurationPlatforms) = preSolution
		Debug|Any CPU = Debug|Any CPU
		Release|Any CPU = Release|Any CPU
	EndGlobalSection
	GlobalSection(ProjectConfigurationPlatforms) = postSolution
		{23DC7E84-BF97-43C7-8480-481E8A55B479}.Debug|Any CPU.ActiveCfg = Debug|Any CPU
		{23DC7E84-BF97-43C7-8480-481E8A55B479}.Debug|Any CPU.Build.0 = Debug|Any CPU
		{23DC7E84-BF97-43C7-8480-481E8A55B479}.Release|Any CPU.ActiveCfg = Release|Any CPU
		{23DC7E84-BF97-43C7-8480-481E8A55B479}.Release|Any CPU.Build.0 = Release|Any CPU
	EndGlobalSection
	GlobalSection(SolutionProperties) = preSolution
		HideSolutionNode = FALSE
	EndGlobalSection
	GlobalSection(ExtensibilityGlobals) = postSolution
		SolutionGuid = {807F8F94-73DB-4167-A17D-7F9238D558E8}
	EndGlobalSection
EndGlobal
